
Microsoft Visual Studio Solution File, Format Version 12.00
# Visual Studio Version 17
VisualStudioVersion = 17.7.34031.279
MinimumVisualStudioVersion = 10.0.40219.1
Project("{FAE04EC0-301F-11D3-BF4B-00C04F79EFBC}") = "ConsoleApp1", "ConsoleApp1\ConsoleApp1.csproj", "{132D628E-1795-4330-8D1D-ADE1A320D26C}"
EndProject
Global
	GlobalSection(SolutionConfigurationPlatforms) = preSolution
		Debug|Any CPU = Debug|Any CPU
		Release|Any CPU = Release|Any CPU
	EndGlobalSection
	GlobalSection(ProjectConfigurationPlatforms) = postSolution
		{132D628E-1795-4330-8D1D-ADE1A320D26C}.Debug|Any CPU.ActiveCfg = Debug|Any CPU
		{132D628E-1795-4330-8D1D-ADE1A320D26C}.Debug|Any CPU.Build.0 = Debug|Any CPU
		{132D628E-1795-4330-8D1D-ADE1A320D26C}.Release|Any CPU.ActiveCfg = Release|Any CPU
		{132D628E-1795-4330-8D1D-ADE1A320D26C}.Release|Any CPU.Build.0 = Release|Any CPU
	EndGlobalSection
	GlobalSection(SolutionProperties) = preSolution
		HideSolutionNode = FALSE
	EndGlobalSection
	GlobalSection(ExtensibilityGlobals) = postSolution
		SolutionGuid = {7E1AC5C7-8355-4452-AF27-27EEBD6DA79D}
	EndGlobalSection
EndGlobal
